
Microsoft Visual Studio Solution File, Format Version 12.00
# Visual Studio Version 16
VisualStudioVersion = 16.0.29306.81
MinimumVisualStudioVersion = 10.0.40219.1
Project("{FAE04EC0-301F-11D3-BF4B-00C04F79EFBC}") = "Dictionary by LINQ", "Dictionary by LINQ.csproj", "{71498F2C-5B2C-4A24-9B2F-FF2EA760B62A}"
EndProject
Global
	GlobalSection(SolutionConfigurationPlatforms) = preSolution
		Debug|Any CPU = Debug|Any CPU
		Release|Any CPU = Release|Any CPU
	EndGlobalSection
	GlobalSection(ProjectConfigurationPlatforms) = postSolution
		{71498F2C-5B2C-4A24-9B2F-FF2EA760B62A}.Debug|Any CPU.ActiveCfg = Debug|Any CPU
		{71498F2C-5B2C-4A24-9B2F-FF2EA760B62A}.Debug|Any CPU.Build.0 = Debug|Any CPU
		{71498F2C-5B2C-4A24-9B2F-FF2EA760B62A}.Release|Any CPU.ActiveCfg = Release|Any CPU
		{71498F2C-5B2C-4A24-9B2F-FF2EA760B62A}.Release|Any CPU.Build.0 = Release|Any CPU
	EndGlobalSection
	GlobalSection(SolutionProperties) = preSolution
		HideSolutionNode = FALSE
	EndGlobalSection
	GlobalSection(ExtensibilityGlobals) = postSolution
		SolutionGuid = {7344D8C9-8ABE-4BE0-AB36-1BD521CB3086}
	EndGlobalSection
EndGlobal
